
Microsoft Visual Studio Solution File, Format Version 12.00
# Visual Studio Version 16
VisualStudioVersion = 16.0.30225.117
MinimumVisualStudioVersion = 10.0.40219.1
Project("{FAE04EC0-301F-11D3-BF4B-00C04F79EFBC}") = "MissingNumber", "MissingNumber\MissingNumber.csproj", "{8877B4E0-8308-4CE4-B308-45EBFE4625E4}"
EndProject
Global
	GlobalSection(SolutionConfigurationPlatforms) = preSolution
		Debug|Any CPU = Debug|Any CPU
		Release|Any CPU = Release|Any CPU
	EndGlobalSection
	GlobalSection(ProjectConfigurationPlatforms) = postSolution
		{8877B4E0-8308-4CE4-B308-45EBFE4625E4}.Debug|Any CPU.ActiveCfg = Debug|Any CPU
		{8877B4E0-8308-4CE4-B308-45EBFE4625E4}.Debug|Any CPU.Build.0 = Debug|Any CPU
		{8877B4E0-8308-4CE4-B308-45EBFE4625E4}.Release|Any CPU.ActiveCfg = Release|Any CPU
		{8877B4E0-8308-4CE4-B308-45EBFE4625E4}.Release|Any CPU.Build.0 = Release|Any CPU
	EndGlobalSection
	GlobalSection(SolutionProperties) = preSolution
		HideSolutionNode = FALSE
	EndGlobalSection
	GlobalSection(ExtensibilityGlobals) = postSolution
		SolutionGuid = {7D62FBB9-FB6B-41E7-AB6F-32721CCB44B2}
	EndGlobalSection
EndGlobal
